{
  "name": "nena_simpledocxt",
  "version": "1.0.0",
  "lockfileVersion": 3,
  "requires": true,
  "packages": {
    "": {
      "name": "nena_simpledocxt",
      "version": "1.0.0",
      "license": "ISC",
      "dependencies": {
        "docxtemplater": "^3.37.9",
        "pizzip": "^3.1.4"
      }
    },
    "node_modules/@xmldom/xmldom": {
      "version": "0.8.7",
      "resolved": "https://registry.npmjs.org/@xmldom/xmldom/-/xmldom-0.8.7.tgz",
      "integrity": "sha512-sI1Ly2cODlWStkINzqGrZ8K6n+MTSbAeQnAipGyL+KZCXuHaRlj2gyyy8B/9MvsFFqN7XHryQnB2QwhzvJXovg==",
      "engines": {
        "node": ">=10.0.0"
      }
    },
    "node_modules/docxtemplater": {
      "version": "3.37.9",
      "resolved": "https://registry.npmjs.org/docxtemplater/-/docxtemplater-3.37.9.tgz",
      "integrity": "sha512-0FYopqsEe8dpN2mILn8qINzXXXZ25qnbXYVJtgjxar3VI0IfUd7nPfZGRffWvAKgLQupPs2dGJDzjRI60TmD8A==",
      "dependencies": {
        "@xmldom/xmldom": "^0.8.7"
      },
      "engines": {
        "node": ">=0.10"
      }
    },
    "node_modules/pako": {
      "version": "2.1.0",
      "resolved": "https://registry.npmjs.org/pako/-/pako-2.1.0.tgz",
      "integrity": "sha512-w+eufiZ1WuJYgPXbV/PO3NCMEc3xqylkKHzp8bxp1uW4qaSNQUkwmLLEc3kKsfz8lpV1F8Ht3U1Cm+9Srog2ug=="
    },
    "node_modules/pizzip": {
      "version": "3.1.4",
      "resolved": "https://registry.npmjs.org/pizzip/-/pizzip-3.1.4.tgz",
      "integrity": "sha512-08yol1Of5Og1E0a1R56c+Z1jVkvfTEBUouwG9WYwCqpj8BjdcpEpLgZsrdLFNQYRgtxK0OOe0JpmBWJdrPr6Dg==",
      "dependencies": {
        "pako": "^2.1.0"
      }
    }
  }
}
